
Microsoft Visual Studio Solution File, Format Version 12.00
# Visual Studio Version 16
VisualStudioVersion = 16.0.28922.388
MinimumVisualStudioVersion = 10.0.40219.1
Project("{FAE04EC0-301F-11D3-BF4B-00C04F79EFBC}") = "taws", "taws\taws.csproj", "{D6A9BB99-2C12-41FB-80BF-F1C8019FEFD2}"
EndProject
Project("{FAE04EC0-301F-11D3-BF4B-00C04F79EFBC}") = "tawsCommons", "tawsCommons\tawsCommons.csproj", "{78C0904B-B5A1-4842-9C3D-C65099FE010B}"
EndProject
Project("{FAE04EC0-301F-11D3-BF4B-00C04F79EFBC}") = "tawsLibrary", "tawsLibrary\tawsLibrary.csproj", "{01E8C9A0-3724-4161-AE0A-C08FD554C798}"
EndProject
Global
	GlobalSection(SolutionConfigurationPlatforms) = preSolution
		Debug|Any CPU = Debug|Any CPU
		Release|Any CPU = Release|Any CPU
	EndGlobalSection
	GlobalSection(ProjectConfigurationPlatforms) = postSolution
		{D6A9BB99-2C12-41FB-80BF-F1C8019FEFD2}.Debug|Any CPU.ActiveCfg = Debug|Any CPU
		{D6A9BB99-2C12-41FB-80BF-F1C8019FEFD2}.Debug|Any CPU.Build.0 = Debug|Any CPU
		{D6A9BB99-2C12-41FB-80BF-F1C8019FEFD2}.Release|Any CPU.ActiveCfg = Release|Any CPU
		{D6A9BB99-2C12-41FB-80BF-F1C8019FEFD2}.Release|Any CPU.Build.0 = Release|Any CPU
		{78C0904B-B5A1-4842-9C3D-C65099FE010B}.Debug|Any CPU.ActiveCfg = Debug|Any CPU
		{78C0904B-B5A1-4842-9C3D-C65099FE010B}.Debug|Any CPU.Build.0 = Debug|Any CPU
		{78C0904B-B5A1-4842-9C3D-C65099FE010B}.Release|Any CPU.ActiveCfg = Release|Any CPU
		{78C0904B-B5A1-4842-9C3D-C65099FE010B}.Release|Any CPU.Build.0 = Release|Any CPU
		{01E8C9A0-3724-4161-AE0A-C08FD554C798}.Debug|Any CPU.ActiveCfg = Debug|Any CPU
		{01E8C9A0-3724-4161-AE0A-C08FD554C798}.Debug|Any CPU.Build.0 = Debug|Any CPU
		{01E8C9A0-3724-4161-AE0A-C08FD554C798}.Release|Any CPU.ActiveCfg = Release|Any CPU
		{01E8C9A0-3724-4161-AE0A-C08FD554C798}.Release|Any CPU.Build.0 = Release|Any CPU
	EndGlobalSection
	GlobalSection(SolutionProperties) = preSolution
		HideSolutionNode = FALSE
	EndGlobalSection
	GlobalSection(ExtensibilityGlobals) = postSolution
		SolutionGuid = {DEA286CB-9023-474F-9264-40D63C81A75F}
	EndGlobalSection
EndGlobal
